PODS:
  - Dip (7.0.1)
  - RxCocoa (5.0.0):
    - RxRelay (~> 5)
    - RxSwift (~> 5)
  - RxRelay (5.0.0):
    - RxSwift (~> 5)
  - RxSwift (5.0.0)
  - RxTest (5.0.0):
    - RxSwift (~> 5)
  - SwiftLint (0.33.0)

DEPENDENCIES:
  - Dip (~> 7.0.1)
  - RxCocoa (~> 5.0.0)
  - RxSwift (~> 5.0.0)
  - RxTest (~> 5.0.0)
  - SwiftLint (~> 0.33.0)

SPEC REPOS:
  https://github.com/cocoapods/specs.git:
    - Dip
    - RxCocoa
    - RxRelay
    - RxSwift
    - RxTest
    - SwiftLint

SPEC CHECKSUMS:
  Dip: 79509d5dc4f648e10e922ed79c608a7761c52b13
  RxCocoa: fcf32050ac00d801f34a7f71d5e8e7f23026dcd8
  RxRelay: 4f7409406a51a55cd88483f21ed898c234d60f18
  RxSwift: 8b0671caa829a763bbce7271095859121cbd895f
  RxTest: 4349afe98f564e0a9bc19063368904622d17d49a
  SwiftLint: fed9c66336e41fc74dc48a73678380718f0c8b0e

PODFILE CHECKSUM: 55e0b1b4350a9d1c735fefc8c1bf0afa58311d96

COCOAPODS: 1.7.0
