// !$*UTF8*$!
{
	archiveVersion = 1;
	classes = {
	};
	objectVersion = 51;
	objects = {

/* Begin PBXBuildFile section */
		5D938E6E22BA2746005A1D94 /* RootConnector.swift in Sources */ = {isa = PBXBuildFile; fileRef = 5D938E6D22BA2746005A1D94 /* RootConnector.swift */; };
		5D938E7122BA2F1F005A1D94 /* ContainerRegistrable.swift in Sources */ = {isa = PBXBuildFile; fileRef = 5D938E7022BA2F1F005A1D94 /* ContainerRegistrable.swift */; };
		5D938E7322BA2F57005A1D94 /* RootConnectorRegistration.swift in Sources */ = {isa = PBXBuildFile; fileRef = 5D938E7222BA2F57005A1D94 /* RootConnectorRegistration.swift */; };
		5D938E7622BA2FC7005A1D94 /* DependencyContainer+Registration.swift in Sources */ = {isa = PBXBuildFile; fileRef = 5D938E7522BA2FC7005A1D94 /* DependencyContainer+Registration.swift */; };
		5D938E7822BA3F95005A1D94 /* PostsConnector.swift in Sources */ = {isa = PBXBuildFile; fileRef = 5D938E7722BA3F95005A1D94 /* PostsConnector.swift */; };
		5D938E7A22BA4109005A1D94 /* PostsConnectorReigstration.swift in Sources */ = {isa = PBXBuildFile; fileRef = 5D938E7922BA4109005A1D94 /* PostsConnectorReigstration.swift */; };
		5D938E7D22BA4C29005A1D94 /* PostsViewController.swift in Sources */ = {isa = PBXBuildFile; fileRef = 5D938E7C22BA4C29005A1D94 /* PostsViewController.swift */; };
		5D938E7F22BA50BE005A1D94 /* PostsViewModel.swift in Sources */ = {isa = PBXBuildFile; fileRef = 5D938E7E22BA50BE005A1D94 /* PostsViewModel.swift */; };
		5D938E8122BA5362005A1D94 /* PostsSceenRegistration.swift in Sources */ = {isa = PBXBuildFile; fileRef = 5D938E8022BA5362005A1D94 /* PostsSceenRegistration.swift */; };
		5D938E8422BA56FA005A1D94 /* UIWindow+Init.swift in Sources */ = {isa = PBXBuildFile; fileRef = 5D938E8322BA56FA005A1D94 /* UIWindow+Init.swift */; };
		5D938E9822BA61A2005A1D94 /* Localizable.strings in Resources */ = {isa = PBXBuildFile; fileRef = 5D938E9622BA61A2005A1D94 /* Localizable.strings */; };
		5D938E9D22BA654A005A1D94 /* LocalizedStrings.swift in Sources */ = {isa = PBXBuildFile; fileRef = 5D938E9C22BA654A005A1D94 /* LocalizedStrings.swift */; };
		5DE7254C22BA150000E151A8 /* AppDelegate.swift in Sources */ = {isa = PBXBuildFile; fileRef = 5DE7254B22BA150000E151A8 /* AppDelegate.swift */; };
		5DE7254E22BA150000E151A8 /* ViewController.swift in Sources */ = {isa = PBXBuildFile; fileRef = 5DE7254D22BA150000E151A8 /* ViewController.swift */; };
		5DE7255322BA150100E151A8 /* Assets.xcassets in Resources */ = {isa = PBXBuildFile; fileRef = 5DE7255222BA150100E151A8 /* Assets.xcassets */; };
		5DE7256122BA150100E151A8 /* PersistenceDemoTests.swift in Sources */ = {isa = PBXBuildFile; fileRef = 5DE7256022BA150100E151A8 /* PersistenceDemoTests.swift */; };
		5DE7256C22BA1AD000E151A8 /* LaunchScreen.xib in Resources */ = {isa = PBXBuildFile; fileRef = 5DE7256B22BA1AD000E151A8 /* LaunchScreen.xib */; };
		5DE7256F22BA22F500E151A8 /* Connector.swift in Sources */ = {isa = PBXBuildFile; fileRef = 5DE7256E22BA22F500E151A8 /* Connector.swift */; };
		9AED09C2D455A1FB19E87422 /* Pods_PersistenceDemoTests.framework in Frameworks */ = {isa = PBXBuildFile; fileRef = 82343C77FF6F7809DA8FD31F /* Pods_PersistenceDemoTests.framework */; };
		F47CF4AAB6A96A09FA7FF1E8 /* Pods_PersistenceDemo.framework in Frameworks */ = {isa = PBXBuildFile; fileRef = A83445805803ED63F3F25CA4 /* Pods_PersistenceDemo.framework */; };
/* End PBXBuildFile section */

/* Begin PBXContainerItemProxy section */
		5DE7255D22BA150100E151A8 /* PBXContainerItemProxy */ = {
			isa = PBXContainerItemProxy;
			containerPortal = 5DE7254022BA150000E151A8 /* Project object */;
			proxyType = 1;
			remoteGlobalIDString = 5DE7254722BA150000E151A8;
			remoteInfo = PersistenceDemo;
		};
/* End PBXContainerItemProxy section */

/* Begin PBXFileReference section */
		38B3B1BFB6DEB2E385053A60 /* Pods-PersistenceDemoTests.release.xcconfig */ = {isa = PBXFileReference; includeInIndex = 1; lastKnownFileType = text.xcconfig; name = "Pods-PersistenceDemoTests.release.xcconfig"; path = "Target Support Files/Pods-PersistenceDemoTests/Pods-PersistenceDemoTests.release.xcconfig"; sourceTree = "<group>"; };
		5D938E6D22BA2746005A1D94 /* RootConnector.swift */ = {isa = PBXFileReference; lastKnownFileType = sourcecode.swift; path = RootConnector.swift; sourceTree = "<group>"; };
		5D938E7022BA2F1F005A1D94 /* ContainerRegistrable.swift */ = {isa = PBXFileReference; lastKnownFileType = sourcecode.swift; path = ContainerRegistrable.swift; sourceTree = "<group>"; };
		5D938E7222BA2F57005A1D94 /* RootConnectorRegistration.swift */ = {isa = PBXFileReference; lastKnownFileType = sourcecode.swift; path = RootConnectorRegistration.swift; sourceTree = "<group>"; };
		5D938E7522BA2FC7005A1D94 /* DependencyContainer+Registration.swift */ = {isa = PBXFileReference; lastKnownFileType = sourcecode.swift; path = "DependencyContainer+Registration.swift"; sourceTree = "<group>"; };
		5D938E7722BA3F95005A1D94 /* PostsConnector.swift */ = {isa = PBXFileReference; lastKnownFileType = sourcecode.swift; path = PostsConnector.swift; sourceTree = "<group>"; };
		5D938E7922BA4109005A1D94 /* PostsConnectorReigstration.swift */ = {isa = PBXFileReference; lastKnownFileType = sourcecode.swift; path = PostsConnectorReigstration.swift; sourceTree = "<group>"; };
		5D938E7C22BA4C29005A1D94 /* PostsViewController.swift */ = {isa = PBXFileReference; lastKnownFileType = sourcecode.swift; path = PostsViewController.swift; sourceTree = "<group>"; };
		5D938E7E22BA50BE005A1D94 /* PostsViewModel.swift */ = {isa = PBXFileReference; lastKnownFileType = sourcecode.swift; path = PostsViewModel.swift; sourceTree = "<group>"; };
		5D938E8022BA5362005A1D94 /* PostsSceenRegistration.swift */ = {isa = PBXFileReference; lastKnownFileType = sourcecode.swift; path = PostsSceenRegistration.swift; sourceTree = "<group>"; };
		5D938E8322BA56FA005A1D94 /* UIWindow+Init.swift */ = {isa = PBXFileReference; lastKnownFileType = sourcecode.swift; path = "UIWindow+Init.swift"; sourceTree = "<group>"; };
		5D938E9722BA61A2005A1D94 /* en */ = {isa = PBXFileReference; lastKnownFileType = text.plist.strings; name = en; path = Localizable.strings; sourceTree = "<group>"; };
		5D938E9C22BA654A005A1D94 /* LocalizedStrings.swift */ = {isa = PBXFileReference; fileEncoding = 4; lastKnownFileType = sourcecode.swift; path = LocalizedStrings.swift; sourceTree = "<group>"; };
		5DE7254822BA150000E151A8 /* PersistenceDemo.app */ = {isa = PBXFileReference; explicitFileType = wrapper.application; includeInIndex = 0; path = PersistenceDemo.app; sourceTree = BUILT_PRODUCTS_DIR; };
		5DE7254B22BA150000E151A8 /* AppDelegate.swift */ = {isa = PBXFileReference; lastKnownFileType = sourcecode.swift; path = AppDelegate.swift; sourceTree = "<group>"; };
		5DE7254D22BA150000E151A8 /* ViewController.swift */ = {isa = PBXFileReference; lastKnownFileType = sourcecode.swift; path = ViewController.swift; sourceTree = "<group>"; };
		5DE7255222BA150100E151A8 /* Assets.xcassets */ = {isa = PBXFileReference; lastKnownFileType = folder.assetcatalog; path = Assets.xcassets; sourceTree = "<group>"; };
		5DE7255722BA150100E151A8 /* Info.plist */ = {isa = PBXFileReference; lastKnownFileType = text.plist.xml; path = Info.plist; sourceTree = "<group>"; };
		5DE7255C22BA150100E151A8 /* PersistenceDemoTests.xctest */ = {isa = PBXFileReference; explicitFileType = wrapper.cfbundle; includeInIndex = 0; path = PersistenceDemoTests.xctest; sourceTree = BUILT_PRODUCTS_DIR; };
		5DE7256022BA150100E151A8 /* PersistenceDemoTests.swift */ = {isa = PBXFileReference; lastKnownFileType = sourcecode.swift; path = PersistenceDemoTests.swift; sourceTree = "<group>"; };
		5DE7256222BA150100E151A8 /* Info.plist */ = {isa = PBXFileReference; lastKnownFileType = text.plist.xml; path = Info.plist; sourceTree = "<group>"; };
		5DE7256B22BA1AD000E151A8 /* LaunchScreen.xib */ = {isa = PBXFileReference; lastKnownFileType = file.xib; path = LaunchScreen.xib; sourceTree = "<group>"; };
		5DE7256E22BA22F500E151A8 /* Connector.swift */ = {isa = PBXFileReference; lastKnownFileType = sourcecode.swift; path = Connector.swift; sourceTree = "<group>"; };
		6B0885C6C3B9F94AE99276F9 /* Pods-PersistenceDemoTests.debug.xcconfig */ = {isa = PBXFileReference; includeInIndex = 1; lastKnownFileType = text.xcconfig; name = "Pods-PersistenceDemoTests.debug.xcconfig"; path = "Target Support Files/Pods-PersistenceDemoTests/Pods-PersistenceDemoTests.debug.xcconfig"; sourceTree = "<group>"; };
		82343C77FF6F7809DA8FD31F /* Pods_PersistenceDemoTests.framework */ = {isa = PBXFileReference; explicitFileType = wrapper.framework; includeInIndex = 0; path = Pods_PersistenceDemoTests.framework; sourceTree = BUILT_PRODUCTS_DIR; };
		A4D59674C1459BC21A91EF30 /* Pods-PersistenceDemo.debug.xcconfig */ = {isa = PBXFileReference; includeInIndex = 1; lastKnownFileType = text.xcconfig; name = "Pods-PersistenceDemo.debug.xcconfig"; path = "Target Support Files/Pods-PersistenceDemo/Pods-PersistenceDemo.debug.xcconfig"; sourceTree = "<group>"; };
		A83445805803ED63F3F25CA4 /* Pods_PersistenceDemo.framework */ = {isa = PBXFileReference; explicitFileType = wrapper.framework; includeInIndex = 0; path = Pods_PersistenceDemo.framework; sourceTree = BUILT_PRODUCTS_DIR; };
		D02EB87093C86B2D74B10844 /* Pods-PersistenceDemo.release.xcconfig */ = {isa = PBXFileReference; includeInIndex = 1; lastKnownFileType = text.xcconfig; name = "Pods-PersistenceDemo.release.xcconfig"; path = "Target Support Files/Pods-PersistenceDemo/Pods-PersistenceDemo.release.xcconfig"; sourceTree = "<group>"; };
/* End PBXFileReference section */

/* Begin PBXFrameworksBuildPhase section */
		5DE7254522BA150000E151A8 /* Frameworks */ = {
			isa = PBXFrameworksBuildPhase;
			buildActionMask = 2147483647;
			files = (
				F47CF4AAB6A96A09FA7FF1E8 /* Pods_PersistenceDemo.framework in Frameworks */,
			);
			runOnlyForDeploymentPostprocessing = 0;
		};
		5DE7255922BA150100E151A8 /* Frameworks */ = {
			isa = PBXFrameworksBuildPhase;
			buildActionMask = 2147483647;
			files = (
				9AED09C2D455A1FB19E87422 /* Pods_PersistenceDemoTests.framework in Frameworks */,
			);
			runOnlyForDeploymentPostprocessing = 0;
		};
/* End PBXFrameworksBuildPhase section */

/* Begin PBXGroup section */
		5D938E6F22BA2EE8005A1D94 /* Registrations */ = {
			isa = PBXGroup;
			children = (
				5D938E7222BA2F57005A1D94 /* RootConnectorRegistration.swift */,
				5D938E7922BA4109005A1D94 /* PostsConnectorReigstration.swift */,
			);
			path = Registrations;
			sourceTree = "<group>";
		};
		5D938E7422BA2FBA005A1D94 /* Extensions */ = {
			isa = PBXGroup;
			children = (
				5D938E7522BA2FC7005A1D94 /* DependencyContainer+Registration.swift */,
				5D938E8322BA56FA005A1D94 /* UIWindow+Init.swift */,
			);
			path = Extensions;
			sourceTree = "<group>";
		};
		5D938E7B22BA4745005A1D94 /* Protocols */ = {
			isa = PBXGroup;
			children = (
				5D938E7022BA2F1F005A1D94 /* ContainerRegistrable.swift */,
			);
			path = Protocols;
			sourceTree = "<group>";
		};
		5D938E8222BA54F4005A1D94 /* Posts */ = {
			isa = PBXGroup;
			children = (
				5D938E8022BA5362005A1D94 /* PostsSceenRegistration.swift */,
				5D938E7C22BA4C29005A1D94 /* PostsViewController.swift */,
				5D938E7E22BA50BE005A1D94 /* PostsViewModel.swift */,
			);
			path = Posts;
			sourceTree = "<group>";
		};
		5D938E8522BA5C79005A1D94 /* Resources */ = {
			isa = PBXGroup;
			children = (
				5D938E8722BA5C9D005A1D94 /* Translations */,
				5D938E8622BA5C91005A1D94 /* Assets */,
			);
			path = Resources;
			sourceTree = "<group>";
		};
		5D938E8622BA5C91005A1D94 /* Assets */ = {
			isa = PBXGroup;
			children = (
				5DE7255222BA150100E151A8 /* Assets.xcassets */,
			);
			path = Assets;
			sourceTree = "<group>";
		};
		5D938E8722BA5C9D005A1D94 /* Translations */ = {
			isa = PBXGroup;
			children = (
				5D938E9522BA6193005A1D94 /* en.lproj */,
			);
			path = Translations;
			sourceTree = "<group>";
		};
		5D938E9522BA6193005A1D94 /* en.lproj */ = {
			isa = PBXGroup;
			children = (
				5D938E9622BA61A2005A1D94 /* Localizable.strings */,
			);
			path = en.lproj;
			sourceTree = "<group>";
		};
		5D938E9922BA6498005A1D94 /* Generated */ = {
			isa = PBXGroup;
			children = (
				5D938E9C22BA654A005A1D94 /* LocalizedStrings.swift */,
			);
			path = Generated;
			sourceTree = "<group>";
		};
		5DE7253F22BA150000E151A8 = {
			isa = PBXGroup;
			children = (
				5DE7254A22BA150000E151A8 /* PersistenceDemo */,
				5D938E9922BA6498005A1D94 /* Generated */,
				5DE7255F22BA150100E151A8 /* PersistenceDemoTests */,
				5DE7254922BA150000E151A8 /* Products */,
				BB409A9EEE8DEB1D1E0D20CF /* Pods */,
				B7D4F167E1D284FF55EEA5C3 /* Frameworks */,
			);
			sourceTree = "<group>";
		};
		5DE7254922BA150000E151A8 /* Products */ = {
			isa = PBXGroup;
			children = (
				5DE7254822BA150000E151A8 /* PersistenceDemo.app */,
				5DE7255C22BA150100E151A8 /* PersistenceDemoTests.xctest */,
			);
			name = Products;
			sourceTree = "<group>";
		};
		5DE7254A22BA150000E151A8 /* PersistenceDemo */ = {
			isa = PBXGroup;
			children = (
				5D938E8522BA5C79005A1D94 /* Resources */,
				5DE7256D22BA22C200E151A8 /* Connectors */,
				5D938E8222BA54F4005A1D94 /* Posts */,
				5D938E7B22BA4745005A1D94 /* Protocols */,
				5D938E7422BA2FBA005A1D94 /* Extensions */,
				5D938E6F22BA2EE8005A1D94 /* Registrations */,
				5DE7254B22BA150000E151A8 /* AppDelegate.swift */,
				5DE7254D22BA150000E151A8 /* ViewController.swift */,
				5DE7255722BA150100E151A8 /* Info.plist */,
				5DE7256B22BA1AD000E151A8 /* LaunchScreen.xib */,
			);
			path = PersistenceDemo;
			sourceTree = "<group>";
		};
		5DE7255F22BA150100E151A8 /* PersistenceDemoTests */ = {
			isa = PBXGroup;
			children = (
				5DE7256022BA150100E151A8 /* PersistenceDemoTests.swift */,
				5DE7256222BA150100E151A8 /* Info.plist */,
			);
			path = PersistenceDemoTests;
			sourceTree = "<group>";
		};
		5DE7256D22BA22C200E151A8 /* Connectors */ = {
			isa = PBXGroup;
			children = (
				5DE7256E22BA22F500E151A8 /* Connector.swift */,
				5D938E6D22BA2746005A1D94 /* RootConnector.swift */,
				5D938E7722BA3F95005A1D94 /* PostsConnector.swift */,
			);
			path = Connectors;
			sourceTree = "<group>";
		};
		B7D4F167E1D284FF55EEA5C3 /* Frameworks */ = {
			isa = PBXGroup;
			children = (
				A83445805803ED63F3F25CA4 /* Pods_PersistenceDemo.framework */,
				82343C77FF6F7809DA8FD31F /* Pods_PersistenceDemoTests.framework */,
			);
			name = Frameworks;
			sourceTree = "<group>";
		};
		BB409A9EEE8DEB1D1E0D20CF /* Pods */ = {
			isa = PBXGroup;
			children = (
				A4D59674C1459BC21A91EF30 /* Pods-PersistenceDemo.debug.xcconfig */,
				D02EB87093C86B2D74B10844 /* Pods-PersistenceDemo.release.xcconfig */,
				6B0885C6C3B9F94AE99276F9 /* Pods-PersistenceDemoTests.debug.xcconfig */,
				38B3B1BFB6DEB2E385053A60 /* Pods-PersistenceDemoTests.release.xcconfig */,
			);
			path = Pods;
			sourceTree = "<group>";
		};
/* End PBXGroup section */

/* Begin PBXNativeTarget section */
		5DE7254722BA150000E151A8 /* PersistenceDemo */ = {
			isa = PBXNativeTarget;
			buildConfigurationList = 5DE7256522BA150100E151A8 /* Build configuration list for PBXNativeTarget "PersistenceDemo" */;
			buildPhases = (
				82AB2210A305DA17ADA0076E /* [CP] Check Pods Manifest.lock */,
				5DE7254422BA150000E151A8 /* Sources */,
				5DE7254522BA150000E151A8 /* Frameworks */,
				5DE7254622BA150000E151A8 /* Resources */,
				7F82B59FD4A560E1049C6CC8 /* [CP] Embed Pods Frameworks */,
				5D938E9E22BAA6FF005A1D94 /* ShellScript */,
			);
			buildRules = (
			);
			dependencies = (
			);
			name = PersistenceDemo;
			productName = PersistenceDemo;
			productReference = 5DE7254822BA150000E151A8 /* PersistenceDemo.app */;
			productType = "com.apple.product-type.application";
		};
		5DE7255B22BA150100E151A8 /* PersistenceDemoTests */ = {
			isa = PBXNativeTarget;
			buildConfigurationList = 5DE7256822BA150100E151A8 /* Build configuration list for PBXNativeTarget "PersistenceDemoTests" */;
			buildPhases = (
				94D44223803F10E35C251044 /* [CP] Check Pods Manifest.lock */,
				5DE7255822BA150100E151A8 /* Sources */,
				5DE7255922BA150100E151A8 /* Frameworks */,
				5DE7255A22BA150100E151A8 /* Resources */,
				378ACF451B2C7C7758FB308C /* [CP] Embed Pods Frameworks */,
			);
			buildRules = (
			);
			dependencies = (
				5DE7255E22BA150100E151A8 /* PBXTargetDependency */,
			);
			name = PersistenceDemoTests;
			productName = PersistenceDemoTests;
			productReference = 5DE7255C22BA150100E151A8 /* PersistenceDemoTests.xctest */;
			productType = "com.apple.product-type.bundle.unit-test";
		};
/* End PBXNativeTarget section */

/* Begin PBXProject section */
		5DE7254022BA150000E151A8 /* Project object */ = {
			isa = PBXProject;
			attributes = {
				LastSwiftUpdateCheck = 1020;
				LastUpgradeCheck = 1020;
				ORGANIZATIONNAME = "Piotr Przeliorz";
				TargetAttributes = {
					5DE7254722BA150000E151A8 = {
						CreatedOnToolsVersion = 10.2.1;
					};
					5DE7255B22BA150100E151A8 = {
						CreatedOnToolsVersion = 10.2.1;
						TestTargetID = 5DE7254722BA150000E151A8;
					};
				};
			};
			buildConfigurationList = 5DE7254322BA150000E151A8 /* Build configuration list for PBXProject "PersistenceDemo" */;
			compatibilityVersion = "Xcode 9.3";
			developmentRegion = en;
			hasScannedForEncodings = 0;
			knownRegions = (
				en,
				Base,
			);
			mainGroup = 5DE7253F22BA150000E151A8;
			productRefGroup = 5DE7254922BA150000E151A8 /* Products */;
			projectDirPath = "";
			projectRoot = "";
			targets = (
				5DE7254722BA150000E151A8 /* PersistenceDemo */,
				5DE7255B22BA150100E151A8 /* PersistenceDemoTests */,
			);
		};
/* End PBXProject section */

/* Begin PBXResourcesBuildPhase section */
		5DE7254622BA150000E151A8 /* Resources */ = {
			isa = PBXResourcesBuildPhase;
			buildActionMask = 2147483647;
			files = (
				5DE7255322BA150100E151A8 /* Assets.xcassets in Resources */,
				5D938E9822BA61A2005A1D94 /* Localizable.strings in Resources */,
				5DE7256C22BA1AD000E151A8 /* LaunchScreen.xib in Resources */,
			);
			runOnlyForDeploymentPostprocessing = 0;
		};
		5DE7255A22BA150100E151A8 /* Resources */ = {
			isa = PBXResourcesBuildPhase;
			buildActionMask = 2147483647;
			files = (
			);
			runOnlyForDeploymentPostprocessing = 0;
		};
/* End PBXResourcesBuildPhase section */

/* Begin PBXShellScriptBuildPhase section */
		378ACF451B2C7C7758FB308C /* [CP] Embed Pods Frameworks */ = {
			isa = PBXShellScriptBuildPhase;
			buildActionMask = 2147483647;
			files = (
			);
			inputFileListPaths = (
				"${PODS_ROOT}/Target Support Files/Pods-PersistenceDemoTests/Pods-PersistenceDemoTests-frameworks-${CONFIGURATION}-input-files.xcfilelist",
			);
			name = "[CP] Embed Pods Frameworks";
			outputFileListPaths = (
				"${PODS_ROOT}/Target Support Files/Pods-PersistenceDemoTests/Pods-PersistenceDemoTests-frameworks-${CONFIGURATION}-output-files.xcfilelist",
			);
			runOnlyForDeploymentPostprocessing = 0;
			shellPath = /bin/sh;
			shellScript = "\"${PODS_ROOT}/Target Support Files/Pods-PersistenceDemoTests/Pods-PersistenceDemoTests-frameworks.sh\"\n";
			showEnvVarsInLog = 0;
		};
		5D938E9E22BAA6FF005A1D94 /* ShellScript */ = {
			isa = PBXShellScriptBuildPhase;
			buildActionMask = 2147483647;
			files = (
			);
			inputFileListPaths = (
			);
			inputPaths = (
			);
			outputFileListPaths = (
			);
			outputPaths = (
			);
			runOnlyForDeploymentPostprocessing = 0;
			shellPath = /bin/sh;
			shellScript = "if which swiftgen >/dev/null; then\nswiftgen\nelse\necho \"warning: SwiftGen not installed, download it from https://github.com/SwiftGen/SwiftGen\"\nfi\n";
		};
		7F82B59FD4A560E1049C6CC8 /* [CP] Embed Pods Frameworks */ = {
			isa = PBXShellScriptBuildPhase;
			buildActionMask = 2147483647;
			files = (
			);
			inputFileListPaths = (
				"${PODS_ROOT}/Target Support Files/Pods-PersistenceDemo/Pods-PersistenceDemo-frameworks-${CONFIGURATION}-input-files.xcfilelist",
			);
			name = "[CP] Embed Pods Frameworks";
			outputFileListPaths = (
				"${PODS_ROOT}/Target Support Files/Pods-PersistenceDemo/Pods-PersistenceDemo-frameworks-${CONFIGURATION}-output-files.xcfilelist",
			);
			runOnlyForDeploymentPostprocessing = 0;
			shellPath = /bin/sh;
			shellScript = "\"${PODS_ROOT}/Target Support Files/Pods-PersistenceDemo/Pods-PersistenceDemo-frameworks.sh\"\n";
			showEnvVarsInLog = 0;
		};
		82AB2210A305DA17ADA0076E /* [CP] Check Pods Manifest.lock */ = {
			isa = PBXShellScriptBuildPhase;
			buildActionMask = 2147483647;
			files = (
			);
			inputFileListPaths = (
			);
			inputPaths = (
				"${PODS_PODFILE_DIR_PATH}/Podfile.lock",
				"${PODS_ROOT}/Manifest.lock",
			);
			name = "[CP] Check Pods Manifest.lock";
			outputFileListPaths = (
			);
			outputPaths = (
				"$(DERIVED_FILE_DIR)/Pods-PersistenceDemo-checkManifestLockResult.txt",
			);
			runOnlyForDeploymentPostprocessing = 0;
			shellPath = /bin/sh;
			shellScript = "diff \"${PODS_PODFILE_DIR_PATH}/Podfile.lock\" \"${PODS_ROOT}/Manifest.lock\" > /dev/null\nif [ $? != 0 ] ; then\n    # print error to STDERR\n    echo \"error: The sandbox is not in sync with the Podfile.lock. Run 'pod install' or update your CocoaPods installation.\" >&2\n    exit 1\nfi\n# This output is used by Xcode 'outputs' to avoid re-running this script phase.\necho \"SUCCESS\" > \"${SCRIPT_OUTPUT_FILE_0}\"\n";
			showEnvVarsInLog = 0;
		};
		94D44223803F10E35C251044 /* [CP] Check Pods Manifest.lock */ = {
			isa = PBXShellScriptBuildPhase;
			buildActionMask = 2147483647;
			files = (
			);
			inputFileListPaths = (
			);
			inputPaths = (
				"${PODS_PODFILE_DIR_PATH}/Podfile.lock",
				"${PODS_ROOT}/Manifest.lock",
			);
			name = "[CP] Check Pods Manifest.lock";
			outputFileListPaths = (
			);
			outputPaths = (
				"$(DERIVED_FILE_DIR)/Pods-PersistenceDemoTests-checkManifestLockResult.txt",
			);
			runOnlyForDeploymentPostprocessing = 0;
			shellPath = /bin/sh;
			shellScript = "diff \"${PODS_PODFILE_DIR_PATH}/Podfile.lock\" \"${PODS_ROOT}/Manifest.lock\" > /dev/null\nif [ $? != 0 ] ; then\n    # print error to STDERR\n    echo \"error: The sandbox is not in sync with the Podfile.lock. Run 'pod install' or update your CocoaPods installation.\" >&2\n    exit 1\nfi\n# This output is used by Xcode 'outputs' to avoid re-running this script phase.\necho \"SUCCESS\" > \"${SCRIPT_OUTPUT_FILE_0}\"\n";
			showEnvVarsInLog = 0;
		};
/* End PBXShellScriptBuildPhase section */

/* Begin PBXSourcesBuildPhase section */
		5DE7254422BA150000E151A8 /* Sources */ = {
			isa = PBXSourcesBuildPhase;
			buildActionMask = 2147483647;
			files = (
				5DE7256F22BA22F500E151A8 /* Connector.swift in Sources */,
				5D938E8122BA5362005A1D94 /* PostsSceenRegistration.swift in Sources */,
				5D938E7122BA2F1F005A1D94 /* ContainerRegistrable.swift in Sources */,
				5D938E6E22BA2746005A1D94 /* RootConnector.swift in Sources */,
				5D938E9D22BA654A005A1D94 /* LocalizedStrings.swift in Sources */,
				5D938E8422BA56FA005A1D94 /* UIWindow+Init.swift in Sources */,
				5D938E7A22BA4109005A1D94 /* PostsConnectorReigstration.swift in Sources */,
				5D938E7D22BA4C29005A1D94 /* PostsViewController.swift in Sources */,
				5D938E7822BA3F95005A1D94 /* PostsConnector.swift in Sources */,
				5D938E7622BA2FC7005A1D94 /* DependencyContainer+Registration.swift in Sources */,
				5D938E7F22BA50BE005A1D94 /* PostsViewModel.swift in Sources */,
				5DE7254E22BA150000E151A8 /* ViewController.swift in Sources */,
				5D938E7322BA2F57005A1D94 /* RootConnectorRegistration.swift in Sources */,
				5DE7254C22BA150000E151A8 /* AppDelegate.swift in Sources */,
			);
			runOnlyForDeploymentPostprocessing = 0;
		};
		5DE7255822BA150100E151A8 /* Sources */ = {
			isa = PBXSourcesBuildPhase;
			buildActionMask = 2147483647;
			files = (
				5DE7256122BA150100E151A8 /* PersistenceDemoTests.swift in Sources */,
			);
			runOnlyForDeploymentPostprocessing = 0;
		};
/* End PBXSourcesBuildPhase section */

/* Begin PBXTargetDependency section */
		5DE7255E22BA150100E151A8 /* PBXTargetDependency */ = {
			isa = PBXTargetDependency;
			target = 5DE7254722BA150000E151A8 /* PersistenceDemo */;
			targetProxy = 5DE7255D22BA150100E151A8 /* PBXContainerItemProxy */;
		};
/* End PBXTargetDependency section */

/* Begin PBXVariantGroup section */
		5D938E9622BA61A2005A1D94 /* Localizable.strings */ = {
			isa = PBXVariantGroup;
			children = (
				5D938E9722BA61A2005A1D94 /* en */,
			);
			name = Localizable.strings;
			sourceTree = "<group>";
		};
/* End PBXVariantGroup section */

/* Begin XCBuildConfiguration section */
		5DE7256322BA150100E151A8 /* Debug */ = {
			isa = XCBuildConfiguration;
			buildSettings = {
				ALWAYS_SEARCH_USER_PATHS = NO;
				CLANG_ANALYZER_NONNULL = YES;
				CLANG_ANALYZER_NUMBER_OBJECT_CONVERSION = YES_AGGRESSIVE;
				CLANG_CXX_LANGUAGE_STANDARD = "gnu++14";
				CLANG_CXX_LIBRARY = "libc++";
				CLANG_ENABLE_MODULES = YES;
				CLANG_ENABLE_OBJC_ARC = YES;
				CLANG_ENABLE_OBJC_WEAK = YES;
				CLANG_WARN_BLOCK_CAPTURE_AUTORELEASING = YES;
				CLANG_WARN_BOOL_CONVERSION = YES;
				CLANG_WARN_COMMA = YES;
				CLANG_WARN_CONSTANT_CONVERSION = YES;
				CLANG_WARN_DEPRECATED_OBJC_IMPLEMENTATIONS = YES;
				CLANG_WARN_DIRECT_OBJC_ISA_USAGE = YES_ERROR;
				CLANG_WARN_DOCUMENTATION_COMMENTS = YES;
				CLANG_WARN_EMPTY_BODY = YES;
				CLANG_WARN_ENUM_CONVERSION = YES;
				CLANG_WARN_INFINITE_RECURSION = YES;
				CLANG_WARN_INT_CONVERSION = YES;
				CLANG_WARN_NON_LITERAL_NULL_CONVERSION = YES;
				CLANG_WARN_OBJC_IMPLICIT_RETAIN_SELF = YES;
				CLANG_WARN_OBJC_LITERAL_CONVERSION = YES;
				CLANG_WARN_OBJC_ROOT_CLASS = YES_ERROR;
				CLANG_WARN_RANGE_LOOP_ANALYSIS = YES;
				CLANG_WARN_STRICT_PROTOTYPES = YES;
				CLANG_WARN_SUSPICIOUS_MOVE = YES;
				CLANG_WARN_UNGUARDED_AVAILABILITY = YES_AGGRESSIVE;
				CLANG_WARN_UNREACHABLE_CODE = YES;
				CLANG_WARN__DUPLICATE_METHOD_MATCH = YES;
				CODE_SIGN_IDENTITY = "iPhone Developer";
				COPY_PHASE_STRIP = NO;
				DEBUG_INFORMATION_FORMAT = dwarf;
				ENABLE_STRICT_OBJC_MSGSEND = YES;
				ENABLE_TESTABILITY = YES;
				GCC_C_LANGUAGE_STANDARD = gnu11;
				GCC_DYNAMIC_NO_PIC = NO;
				GCC_NO_COMMON_BLOCKS = YES;
				GCC_OPTIMIZATION_LEVEL = 0;
				GCC_PREPROCESSOR_DEFINITIONS = (
					"DEBUG=1",
					"$(inherited)",
				);
				GCC_WARN_64_TO_32_BIT_CONVERSION = YES;
				GCC_WARN_ABOUT_RETURN_TYPE = YES_ERROR;
				GCC_WARN_UNDECLARED_SELECTOR = YES;
				GCC_WARN_UNINITIALIZED_AUTOS = YES_AGGRESSIVE;
				GCC_WARN_UNUSED_FUNCTION = YES;
				GCC_WARN_UNUSED_VARIABLE = YES;
				IPHONEOS_DEPLOYMENT_TARGET = 11.2;
				MTL_ENABLE_DEBUG_INFO = INCLUDE_SOURCE;
				MTL_FAST_MATH = YES;
				ONLY_ACTIVE_ARCH = YES;
				SDKROOT = iphoneos;
				SWIFT_ACTIVE_COMPILATION_CONDITIONS = DEBUG;
				SWIFT_OPTIMIZATION_LEVEL = "-Onone";
			};
			name = Debug;
		};
		5DE7256422BA150100E151A8 /* Release */ = {
			isa = XCBuildConfiguration;
			buildSettings = {
				ALWAYS_SEARCH_USER_PATHS = NO;
				CLANG_ANALYZER_NONNULL = YES;
				CLANG_ANALYZER_NUMBER_OBJECT_CONVERSION = YES_AGGRESSIVE;
				CLANG_CXX_LANGUAGE_STANDARD = "gnu++14";
				CLANG_CXX_LIBRARY = "libc++";
				CLANG_ENABLE_MODULES = YES;
				CLANG_ENABLE_OBJC_ARC = YES;
				CLANG_ENABLE_OBJC_WEAK = YES;
				CLANG_WARN_BLOCK_CAPTURE_AUTORELEASING = YES;
				CLANG_WARN_BOOL_CONVERSION = YES;
				CLANG_WARN_COMMA = YES;
				CLANG_WARN_CONSTANT_CONVERSION = YES;
				CLANG_WARN_DEPRECATED_OBJC_IMPLEMENTATIONS = YES;
				CLANG_WARN_DIRECT_OBJC_ISA_USAGE = YES_ERROR;
				CLANG_WARN_DOCUMENTATION_COMMENTS = YES;
				CLANG_WARN_EMPTY_BODY = YES;
				CLANG_WARN_ENUM_CONVERSION = YES;
				CLANG_WARN_INFINITE_RECURSION = YES;
				CLANG_WARN_INT_CONVERSION = YES;
				CLANG_WARN_NON_LITERAL_NULL_CONVERSION = YES;
				CLANG_WARN_OBJC_IMPLICIT_RETAIN_SELF = YES;
				CLANG_WARN_OBJC_LITERAL_CONVERSION = YES;
				CLANG_WARN_OBJC_ROOT_CLASS = YES_ERROR;
				CLANG_WARN_RANGE_LOOP_ANALYSIS = YES;
				CLANG_WARN_STRICT_PROTOTYPES = YES;
				CLANG_WARN_SUSPICIOUS_MOVE = YES;
				CLANG_WARN_UNGUARDED_AVAILABILITY = YES_AGGRESSIVE;
				CLANG_WARN_UNREACHABLE_CODE = YES;
				CLANG_WARN__DUPLICATE_METHOD_MATCH = YES;
				CODE_SIGN_IDENTITY = "iPhone Developer";
				COPY_PHASE_STRIP = NO;
				DEBUG_INFORMATION_FORMAT = "dwarf-with-dsym";
				ENABLE_NS_ASSERTIONS = NO;
				ENABLE_STRICT_OBJC_MSGSEND = YES;
				GCC_C_LANGUAGE_STANDARD = gnu11;
				GCC_NO_COMMON_BLOCKS = YES;
				GCC_WARN_64_TO_32_BIT_CONVERSION = YES;
				GCC_WARN_ABOUT_RETURN_TYPE = YES_ERROR;
				GCC_WARN_UNDECLARED_SELECTOR = YES;
				GCC_WARN_UNINITIALIZED_AUTOS = YES_AGGRESSIVE;
				GCC_WARN_UNUSED_FUNCTION = YES;
				GCC_WARN_UNUSED_VARIABLE = YES;
				IPHONEOS_DEPLOYMENT_TARGET = 11.2;
				MTL_ENABLE_DEBUG_INFO = NO;
				MTL_FAST_MATH = YES;
				SDKROOT = iphoneos;
				SWIFT_COMPILATION_MODE = wholemodule;
				SWIFT_OPTIMIZATION_LEVEL = "-O";
				VALIDATE_PRODUCT = YES;
			};
			name = Release;
		};
		5DE7256622BA150100E151A8 /* Debug */ = {
			isa = XCBuildConfiguration;
			baseConfigurationReference = A4D59674C1459BC21A91EF30 /* Pods-PersistenceDemo.debug.xcconfig */;
			buildSettings = {
				ASSETCATALOG_COMPILER_APPICON_NAME = AppIcon;
				CODE_SIGN_STYLE = Automatic;
				INFOPLIST_FILE = PersistenceDemo/Info.plist;
				LD_RUNPATH_SEARCH_PATHS = (
					"$(inherited)",
					"@executable_path/Frameworks",
				);
				PRODUCT_BUNDLE_IDENTIFIER = piotrprzeliorz.PersistenceDemo;
				PRODUCT_NAME = "$(TARGET_NAME)";
				SWIFT_VERSION = 5.0;
				TARGETED_DEVICE_FAMILY = "1,2";
			};
			name = Debug;
		};
		5DE7256722BA150100E151A8 /* Release */ = {
			isa = XCBuildConfiguration;
			baseConfigurationReference = D02EB87093C86B2D74B10844 /* Pods-PersistenceDemo.release.xcconfig */;
			buildSettings = {
				ASSETCATALOG_COMPILER_APPICON_NAME = AppIcon;
				CODE_SIGN_STYLE = Automatic;
				INFOPLIST_FILE = PersistenceDemo/Info.plist;
				LD_RUNPATH_SEARCH_PATHS = (
					"$(inherited)",
					"@executable_path/Frameworks",
				);
				PRODUCT_BUNDLE_IDENTIFIER = piotrprzeliorz.PersistenceDemo;
				PRODUCT_NAME = "$(TARGET_NAME)";
				SWIFT_VERSION = 5.0;
				TARGETED_DEVICE_FAMILY = "1,2";
			};
			name = Release;
		};
		5DE7256922BA150100E151A8 /* Debug */ = {
			isa = XCBuildConfiguration;
			baseConfigurationReference = 6B0885C6C3B9F94AE99276F9 /* Pods-PersistenceDemoTests.debug.xcconfig */;
			buildSettings = {
				ALWAYS_EMBED_SWIFT_STANDARD_LIBRARIES = YES;
				BUNDLE_LOADER = "$(TEST_HOST)";
				CODE_SIGN_STYLE = Automatic;
				INFOPLIST_FILE = PersistenceDemoTests/Info.plist;
				LD_RUNPATH_SEARCH_PATHS = (
					"$(inherited)",
					"@executable_path/Frameworks",
					"@loader_path/Frameworks",
				);
				PRODUCT_BUNDLE_IDENTIFIER = piotrprzeliorz.PersistenceDemoTests;
				PRODUCT_NAME = "$(TARGET_NAME)";
				SWIFT_VERSION = 5.0;
				TARGETED_DEVICE_FAMILY = "1,2";
				TEST_HOST = "$(BUILT_PRODUCTS_DIR)/PersistenceDemo.app/PersistenceDemo";
			};
			name = Debug;
		};
		5DE7256A22BA150100E151A8 /* Release */ = {
			isa = XCBuildConfiguration;
			baseConfigurationReference = 38B3B1BFB6DEB2E385053A60 /* Pods-PersistenceDemoTests.release.xcconfig */;
			buildSettings = {
				ALWAYS_EMBED_SWIFT_STANDARD_LIBRARIES = YES;
				BUNDLE_LOADER = "$(TEST_HOST)";
				CODE_SIGN_STYLE = Automatic;
				INFOPLIST_FILE = PersistenceDemoTests/Info.plist;
				LD_RUNPATH_SEARCH_PATHS = (
					"$(inherited)",
					"@executable_path/Frameworks",
					"@loader_path/Frameworks",
				);
				PRODUCT_BUNDLE_IDENTIFIER = piotrprzeliorz.PersistenceDemoTests;
				PRODUCT_NAME = "$(TARGET_NAME)";
				SWIFT_VERSION = 5.0;
				TARGETED_DEVICE_FAMILY = "1,2";
				TEST_HOST = "$(BUILT_PRODUCTS_DIR)/PersistenceDemo.app/PersistenceDemo";
			};
			name = Release;
		};
/* End XCBuildConfiguration section */

/* Begin XCConfigurationList section */
		5DE7254322BA150000E151A8 /* Build configuration list for PBXProject "PersistenceDemo" */ = {
			isa = XCConfigurationList;
			buildConfigurations = (
				5DE7256322BA150100E151A8 /* Debug */,
				5DE7256422BA150100E151A8 /* Release */,
			);
			defaultConfigurationIsVisible = 0;
			defaultConfigurationName = Release;
		};
		5DE7256522BA150100E151A8 /* Build configuration list for PBXNativeTarget "PersistenceDemo" */ = {
			isa = XCConfigurationList;
			buildConfigurations = (
				5DE7256622BA150100E151A8 /* Debug */,
				5DE7256722BA150100E151A8 /* Release */,
			);
			defaultConfigurationIsVisible = 0;
			defaultConfigurationName = Release;
		};
		5DE7256822BA150100E151A8 /* Build configuration list for PBXNativeTarget "PersistenceDemoTests" */ = {
			isa = XCConfigurationList;
			buildConfigurations = (
				5DE7256922BA150100E151A8 /* Debug */,
				5DE7256A22BA150100E151A8 /* Release */,
			);
			defaultConfigurationIsVisible = 0;
			defaultConfigurationName = Release;
		};
/* End XCConfigurationList section */
	};
	rootObject = 5DE7254022BA150000E151A8 /* Project object */;
}
